
Microsoft Visual Studio Solution File, Format Version 12.00
# Visual Studio Version 16
VisualStudioVersion = 16.0.30804.86
MinimumVisualStudioVersion = 10.0.40219.1
Project("{9A19103F-16F7-4668-BE54-9A1E7A4F7556}") = "SmithHtmlEditor", "SmithHtmlEditor.csproj", "{C4FD01C7-D954-4A64-80B2-B8B1200DE295}"
EndProject
Global
	GlobalSection(SolutionConfigurationPlatforms) = preSolution
		Debug|Any CPU = Debug|Any CPU
		Release|Any CPU = Release|Any CPU
	EndGlobalSection
	GlobalSection(ProjectConfigurationPlatforms) = postSolution
		{C4FD01C7-D954-4A64-80B2-B8B1200DE295}.Debug|Any CPU.ActiveCfg = Debug|Any CPU
		{C4FD01C7-D954-4A64-80B2-B8B1200DE295}.Debug|Any CPU.Build.0 = Debug|Any CPU
		{C4FD01C7-D954-4A64-80B2-B8B1200DE295}.Release|Any CPU.ActiveCfg = Release|Any CPU
		{C4FD01C7-D954-4A64-80B2-B8B1200DE295}.Release|Any CPU.Build.0 = Release|Any CPU
	EndGlobalSection
	GlobalSection(SolutionProperties) = preSolution
		HideSolutionNode = FALSE
	EndGlobalSection
	GlobalSection(ExtensibilityGlobals) = postSolution
		SolutionGuid = {07561B25-9505-42B4-98E2-60023AEB2193}
	EndGlobalSection
EndGlobal
